{
  "lockfileVersion": 1,
  "configVersion": 0,
  "workspaces": {
    "": {
      "name": "mongo-migrate",
      "dependencies": {
        "dotenv": "^16.4.7",
        "migrate-mongo": "^6.0.4",
        "objectid": "^3.2.1",
      },
    },
  },
  "packages": {
    "bson": ["bson@0.1.9", "", {}, "sha512-HlvXnohuuxlb/AzILVZFgGBO7658NPddPn1Q8PRC6ANHoPZKJotU0WG9+PoMjO7ZFM/e+jKbqOstXJLyIhSOgA=="],

    "cli-table": ["cli-table@0.3.1", "", { "dependencies": { "colors": "1.0.3" } }, "sha512-h/TzJrgwzVV+W6laITBZAxAWfBjX4T0x+LF5XJdS1AzDkXqmraMNnKQ/O/f3AHJKVR85fOglUEdS/B0P1wS7Aw=="],

    "colors": ["colors@1.0.3", "", {}, "sha512-pFGrxThWcWQ2MsAz6RtgeWe4NK2kUE1WfsrvvlctdII745EW9I0yflqhe7++M5LEc7bV2c/9/5zc8sFcpL0Drw=="],

    "commander": ["commander@4.0.0", "", {}, "sha512-SEa2abMBTZuEjLVYpNrAFoRgxPwG4rXP3+SGY6CM/HZGeDzIA7Pzp+7H3AHDukKEpyy2SoSGGPShKqqfH9T9AQ=="],

    "date-fns": ["date-fns@2.6.0", "", {}, "sha512-F55YxqRdEfP/eYQmQjLN798v0AwLjmZ8nMBjdQvNwEE3N/zWVrlkkqT+9seBlPlsbkybG4JmWg3Ee3dIV9BcGQ=="],

    "dotenv": ["dotenv@16.4.7", "", {}, "sha512-47qPchRCykZC03FhkYAhrvwU4xDBFIj1QPqaarj6mdM/hgUzfPHcpkHJOn3mJAufFeeAxAzeGsr5X0M4k6fLZQ=="],

    "fn-args": ["fn-args@5.0.0", "", {}, "sha512-CtbfI3oFFc3nbdIoHycrfbrxiGgxXBXXuyOl49h47JawM1mYrqpiRqnH5CB2mBatdXvHHOUO6a+RiAuuvKt0lw=="],

    "fs-extra": ["fs-extra@8.1.0", "", { "dependencies": { "graceful-fs": "^4.2.0", "jsonfile": "^4.0.0", "universalify": "^0.1.0" } }, "sha512-yhlQgA6mnOJUKOsRUFsgJdQCvkKhcz8tlZG5HBQfReYZy46OwLcY+Zia0mtdHsOo9y/hP+CxMN0TU9QxoOtG4g=="],

    "graceful-fs": ["graceful-fs@4.2.11", "", {}, "sha512-RbJ5/jmFcNNCcDV5o9eTnBLJ/HszWV0P73bc+Ff4nS/rJj+YaS6IGyiOL0VoBYX+l1Wrl3k63h/KrH+nhJ0XvQ=="],

    "jsonfile": ["jsonfile@4.0.0", "", { "optionalDependencies": { "graceful-fs": "^4.1.6" } }, "sha512-m6F1R3z8jjlf2imQHS2Qez5sjKWQzbuuhuJ/FKYFRZvPE3PuHcSMVZzfsLhGVOkfd20obL5SWEBew5ShlquNxg=="],

    "lodash": ["lodash@4.17.15", "", {}, "sha512-8xOcRHvCjnocdS5cpwXQXVzmmh5e5+saE2QGoeQmbKmRS6J3VQppPOIt0MnmE+4xlZoumy0GPG0D0MVIQbNA1A=="],

    "memory-pager": ["memory-pager@1.5.0", "", {}, "sha512-ZS4Bp4r/Zoeq6+NLJpP+0Zzm0pR8whtGPf1XExKLJBAczGMnSi3It14OiNCStjQjM6NU1okjQGSxgEZN8eBYKg=="],

    "migrate-mongo": ["migrate-mongo@6.0.4", "", { "dependencies": { "cli-table": "0.3.1", "commander": "4.0.0", "date-fns": "2.6.0", "fn-args": "5.0.0", "fs-extra": "8.1.0", "lodash": "4.17.15", "mongodb": "3.3.3", "p-each-series": "2.1.0" }, "bin": "bin/migrate-mongo.js" }, "sha512-v0+EqAXYE+9PZbd9VWec6rWe7+cRJF9bUebNSfDLiOB03BT5qOGCctf3dqvyjP6uuZGAbnb/Enun6BtGcSeKSQ=="],

    "mongodb": ["mongodb@3.3.3", "", { "dependencies": { "bson": "^1.1.1", "require_optional": "^1.0.1", "safe-buffer": "^5.1.2" }, "optionalDependencies": { "saslprep": "^1.0.0" } }, "sha512-MdRnoOjstmnrKJsK8PY0PjP6fyF/SBS4R8coxmhsfEU7tQ46/J6j+aSHF2n4c2/H8B+Hc/Klbfp8vggZfI0mmA=="],

    "objectid": ["objectid@3.2.1", "", { "dependencies": { "bson": "^0.1.9" } }, "sha512-jt4OarkTk/N/oxUrPK/ZXm+t39sxtgxTnl8fs5IbeU80WchQi27E2zt/fu1FaWxbL+3sl980b/ELhXjcPlMf6g=="],

    "p-each-series": ["p-each-series@2.1.0", "", {}, "sha512-ZuRs1miPT4HrjFa+9fRfOFXxGJfORgelKV9f9nNOWw2gl6gVsRaVDOQP0+MI0G0wGKns1Yacsu0GjOFbTK0JFQ=="],

    "require_optional": ["require_optional@1.0.1", "", { "dependencies": { "resolve-from": "^2.0.0", "semver": "^5.1.0" } }, "sha512-qhM/y57enGWHAe3v/NcwML6a3/vfESLe/sGM2dII+gEO0BpKRUkWZow/tyloNqJyN6kXSl3RyyM8Ll5D/sJP8g=="],

    "resolve-from": ["resolve-from@2.0.0", "", {}, "sha512-qpFcKaXsq8+oRoLilkwyc7zHGF5i9Q2/25NIgLQQ/+VVv9rU4qvr6nXVAw1DsnXJyQkZsR4Ytfbtg5ehfcUssQ=="],

    "safe-buffer": ["safe-buffer@5.2.1", "", {}, "sha512-rp3So07KcdmmKbGvgaNxQSJr7bGVSVk5S9Eq1F+ppbRo70+YeaDxkw5Dd8NPN+GD6bjnYm2VuPuCXmpuYvmCXQ=="],

    "saslprep": ["saslprep@1.0.3", "", { "dependencies": { "sparse-bitfield": "^3.0.3" } }, "sha512-/MY/PEMbk2SuY5sScONwhUDsV2p77Znkb/q3nSVstq/yQzYJOH/Azh29p9oJLsl3LnQwSvZDKagDGBsBwSooag=="],

    "semver": ["semver@5.7.2", "", { "bin": "bin/semver" }, "sha512-cBznnQ9KjJqU67B52RMC65CMarK2600WFnbkcaiwWq3xy/5haFJlshgnpjovMVJ+Hff49d8GEn0b87C5pDQ10g=="],

    "sparse-bitfield": ["sparse-bitfield@3.0.3", "", { "dependencies": { "memory-pager": "^1.0.2" } }, "sha512-kvzhi7vqKTfkh0PZU+2D2PIllw2ymqJKujUcyPMd9Y75Nv4nPbGJZXNhxsgdQab2BmlDct1YnfQCguEvHr7VsQ=="],

    "universalify": ["universalify@0.1.2", "", {}, "sha512-rBJeI5CXAlmy1pV+617WB9J63U6XcazHHF2f2dbJix4XzpUF0RS3Zbj0FGIOCAva5P/d/GBOYaACQ1w+0azUkg=="],

    "mongodb/bson": ["bson@1.1.6", "", {}, "sha512-EvVNVeGo4tHxwi8L6bPj3y3itEvStdwvvlojVxxbyYfoaxJ6keLgrTuKdyfEAszFK+H3olzBuafE0yoh0D1gdg=="],
  }
}
